prepare:
  cmd: python src/graph.py data/followers.csv
  deps:
  - path: data/followers.csv
    md5: aa998c5311153ae1781bcbaa7a6b6fe0
    size: 34809
  - path: src/graph.py
    md5: 923ed4ca1a1c9cdcb862d42b7d316765
    size: 644
  outs:
  - path: data/output
    md5: 27cd8539cde855bbf48be2c5e418d664.dir
    size: 95216
    nfiles: 1
nodes:
  cmd: python src/nodes.py
  deps:
  - path: data/output/graph.json
    md5: ccf5e41d0e4510bc10c635a62ed8a51b
    size: 95216
  - path: src/nodes.py
    md5: 30d26972edadc6a0e51bf8878dbd8856
    size: 446
  outs:
  - path: data/nodes
    md5: 76fcfc593cff1da17e1e85f86b0b3bc4.dir
    size: 21573
    nfiles: 1
count:
  cmd: python src/count.py
  deps:
  - path: data/nodes/nodes.json
    md5: 2b1a1a798c5c0b013ad63c1e5b7d3213
    size: 21573
  - path: src/count.py
    md5: 3ec03123534fd1e61059d44b9a9098dd
    size: 303
  outs:
  - path: data/count
    md5: 91c11e9b684f5abdd870b7a848cc9a40.dir
    size: 19
    nfiles: 1
